// !$*UTF8*$!
{
	archiveVersion = 1;
	classes = {
	};
	objectVersion = 77;
	objects = {

/* Begin PBXBuildFile section */
		2247CE812D299CE500AF1CE6 /* asnycImage in Frameworks */ = {isa = PBXBuildFile; productRef = 2247CE802D299CE500AF1CE6 /* asnycImage */; };
/* End PBXBuildFile section */

/* Begin PBXContainerItemProxy section */
		22DCA4022CEB6BA50074314D /* PBXContainerItemProxy */ = {
			isa = PBXContainerItemProxy;
			containerPortal = 22DCA3E92CEB6BA30074314D /* Project object */;
			proxyType = 1;
			remoteGlobalIDString = 22DCA3F02CEB6BA30074314D;
			remoteInfo = Groceree;
		};
		22DCA40C2CEB6BA50074314D /* PBXContainerItemProxy */ = {
			isa = PBXContainerItemProxy;
			containerPortal = 22DCA3E92CEB6BA30074314D /* Project object */;
			proxyType = 1;
			remoteGlobalIDString = 22DCA3F02CEB6BA30074314D;
			remoteInfo = Groceree;
		};
/* End PBXContainerItemProxy section */

/* Begin PBXFileReference section */
		22DCA3F12CEB6BA30074314D /* Groceree.app */ = {isa = PBXFileReference; explicitFileType = wrapper.application; includeInIndex = 0; path = Groceree.app; sourceTree = BUILT_PRODUCTS_DIR; };
		22DCA4012CEB6BA50074314D /* GrocereeTests.xctest */ = {isa = PBXFileReference; explicitFileType = wrapper.cfbundle; includeInIndex = 0; path = GrocereeTests.xctest; sourceTree = BUILT_PRODUCTS_DIR; };
		22DCA40B2CEB6BA50074314D /* GrocereeUITests.xctest */ = {isa = PBXFileReference; explicitFileType = wrapper.cfbundle; includeInIndex = 0; path = GrocereeUITests.xctest; sourceTree = BUILT_PRODUCTS_DIR; };
/* End PBXFileReference section */

/* Begin PBXFileSystemSynchronizedRootGroup section */
		22DCA3F32CEB6BA30074314D /* Groceree */ = {
			isa = PBXFileSystemSynchronizedRootGroup;
			path = Groceree;
			sourceTree = "<group>";
		};
		22DCA4042CEB6BA50074314D /* GrocereeTests */ = {
			isa = PBXFileSystemSynchronizedRootGroup;
			path = GrocereeTests;
			sourceTree = "<group>";
		};
		22DCA40E2CEB6BA50074314D /* GrocereeUITests */ = {
			isa = PBXFileSystemSynchronizedRootGroup;
			path = GrocereeUITests;
			sourceTree = "<group>";
		};
/* End PBXFileSystemSynchronizedRootGroup section */

/* Begin PBXFrameworksBuildPhase section */
		22DCA3EE2CEB6BA30074314D /* Frameworks */ = {
			isa = PBXFrameworksBuildPhase;
			buildActionMask = 2147483647;
			files = (
				2247CE812D299CE500AF1CE6 /* asnycImage in Frameworks */,
			);
			runOnlyForDeploymentPostprocessing = 0;
		};
		22DCA3FE2CEB6BA50074314D /* Frameworks */ = {
			isa = PBXFrameworksBuildPhase;
			buildActionMask = 2147483647;
			files = (
			);
			runOnlyForDeploymentPostprocessing = 0;
		};
		22DCA4082CEB6BA50074314D /* Frameworks */ = {
			isa = PBXFrameworksBuildPhase;
			buildActionMask = 2147483647;
			files = (
			);
			runOnlyForDeploymentPostprocessing = 0;
		};
/* End PBXFrameworksBuildPhase section */

/* Begin PBXGroup section */
		2247CE7F2D299CE500AF1CE6 /* Frameworks */ = {
			isa = PBXGroup;
			children = (
			);
			name = Frameworks;
			sourceTree = "<group>";
		};
		22DCA3E82CEB6BA30074314D = {
			isa = PBXGroup;
			children = (
				22DCA3F32CEB6BA30074314D /* Groceree */,
				22DCA4042CEB6BA50074314D /* GrocereeTests */,
				22DCA40E2CEB6BA50074314D /* GrocereeUITests */,
				2247CE7F2D299CE500AF1CE6 /* Frameworks */,
				22DCA3F22CEB6BA30074314D /* Products */,
			);
			sourceTree = "<group>";
		};
		22DCA3F22CEB6BA30074314D /* Products */ = {
			isa = PBXGroup;
			children = (
				22DCA3F12CEB6BA30074314D /* Groceree.app */,
				22DCA4012CEB6BA50074314D /* GrocereeTests.xctest */,
				22DCA40B2CEB6BA50074314D /* GrocereeUITests.xctest */,
			);
			name = Products;
			sourceTree = "<group>";
		};
/* End PBXGroup section */

/* Begin PBXNativeTarget section */
		22DCA3F02CEB6BA30074314D /* Groceree */ = {
			isa = PBXNativeTarget;
			buildConfigurationList = 22DCA4152CEB6BA50074314D /* Build configuration list for PBXNativeTarget "Groceree" */;
			buildPhases = (
				22DCA3ED2CEB6BA30074314D /* Sources */,
				22DCA3EE2CEB6BA30074314D /* Frameworks */,
				22DCA3EF2CEB6BA30074314D /* Resources */,
			);
			buildRules = (
			);
			dependencies = (
			);
			fileSystemSynchronizedGroups = (
				22DCA3F32CEB6BA30074314D /* Groceree */,
			);
			name = Groceree;
			packageProductDependencies = (
				2247CE802D299CE500AF1CE6 /* asnycImage */,
			);
			productName = Groceree;
			productReference = 22DCA3F12CEB6BA30074314D /* Groceree.app */;
			productType = "com.apple.product-type.application";
		};
		22DCA4002CEB6BA50074314D /* GrocereeTests */ = {
			isa = PBXNativeTarget;
			buildConfigurationList = 22DCA4182CEB6BA50074314D /* Build configuration list for PBXNativeTarget "GrocereeTests" */;
			buildPhases = (
				22DCA3FD2CEB6BA50074314D /* Sources */,
				22DCA3FE2CEB6BA50074314D /* Frameworks */,
				22DCA3FF2CEB6BA50074314D /* Resources */,
			);
			buildRules = (
			);
			dependencies = (
				22DCA4032CEB6BA50074314D /* PBXTargetDependency */,
			);
			fileSystemSynchronizedGroups = (
				22DCA4042CEB6BA50074314D /* GrocereeTests */,
			);
			name = GrocereeTests;
			packageProductDependencies = (
			);
			productName = GrocereeTests;
			productReference = 22DCA4012CEB6BA50074314D /* GrocereeTests.xctest */;
			productType = "com.apple.product-type.bundle.unit-test";
		};
		22DCA40A2CEB6BA50074314D /* GrocereeUITests */ = {
			isa = PBXNativeTarget;
			buildConfigurationList = 22DCA41B2CEB6BA50074314D /* Build configuration list for PBXNativeTarget "GrocereeUITests" */;
			buildPhases = (
				22DCA4072CEB6BA50074314D /* Sources */,
				22DCA4082CEB6BA50074314D /* Frameworks */,
				22DCA4092CEB6BA50074314D /* Resources */,
			);
			buildRules = (
			);
			dependencies = (
				22DCA40D2CEB6BA50074314D /* PBXTargetDependency */,
			);
			fileSystemSynchronizedGroups = (
				22DCA40E2CEB6BA50074314D /* GrocereeUITests */,
			);
			name = GrocereeUITests;
			packageProductDependencies = (
			);
			productName = GrocereeUITests;
			productReference = 22DCA40B2CEB6BA50074314D /* GrocereeUITests.xctest */;
			productType = "com.apple.product-type.bundle.ui-testing";
		};
/* End PBXNativeTarget section */

/* Begin PBXProject section */
		22DCA3E92CEB6BA30074314D /* Project object */ = {
			isa = PBXProject;
			attributes = {
				BuildIndependentTargetsInParallel = 1;
				LastSwiftUpdateCheck = 1600;
				LastUpgradeCheck = 1600;
				TargetAttributes = {
					22DCA3F02CEB6BA30074314D = {
						CreatedOnToolsVersion = 16.0;
					};
					22DCA4002CEB6BA50074314D = {
						CreatedOnToolsVersion = 16.0;
						TestTargetID = 22DCA3F02CEB6BA30074314D;
					};
					22DCA40A2CEB6BA50074314D = {
						CreatedOnToolsVersion = 16.0;
						TestTargetID = 22DCA3F02CEB6BA30074314D;
					};
				};
			};
			buildConfigurationList = 22DCA3EC2CEB6BA30074314D /* Build configuration list for PBXProject "Groceree" */;
			developmentRegion = en;
			hasScannedForEncodings = 0;
			knownRegions = (
				en,
				Base,
			);
			mainGroup = 22DCA3E82CEB6BA30074314D;
			minimizedProjectReferenceProxies = 1;
			packageReferences = (
				2247CE7E2D29999500AF1CE6 /* XCRemoteSwiftPackageReference "asyncImage" */,
			);
			preferredProjectObjectVersion = 77;
			productRefGroup = 22DCA3F22CEB6BA30074314D /* Products */;
			projectDirPath = "";
			projectRoot = "";
			targets = (
				22DCA3F02CEB6BA30074314D /* Groceree */,
				22DCA4002CEB6BA50074314D /* GrocereeTests */,
				22DCA40A2CEB6BA50074314D /* GrocereeUITests */,
			);
		};
/* End PBXProject section */

/* Begin PBXResourcesBuildPhase section */
		22DCA3EF2CEB6BA30074314D /* Resources */ = {
			isa = PBXResourcesBuildPhase;
			buildActionMask = 2147483647;
			files = (
			);
			runOnlyForDeploymentPostprocessing = 0;
		};
		22DCA3FF2CEB6BA50074314D /* Resources */ = {
			isa = PBXResourcesBuildPhase;
			buildActionMask = 2147483647;
			files = (
			);
			runOnlyForDeploymentPostprocessing = 0;
		};
		22DCA4092CEB6BA50074314D /* Resources */ = {
			isa = PBXResourcesBuildPhase;
			buildActionMask = 2147483647;
			files = (
			);
			runOnlyForDeploymentPostprocessing = 0;
		};
/* End PBXResourcesBuildPhase section */

/* Begin PBXSourcesBuildPhase section */
		22DCA3ED2CEB6BA30074314D /* Sources */ = {
			isa = PBXSourcesBuildPhase;
			buildActionMask = 2147483647;
			files = (
			);
			runOnlyForDeploymentPostprocessing = 0;
		};
		22DCA3FD2CEB6BA50074314D /* Sources */ = {
			isa = PBXSourcesBuildPhase;
			buildActionMask = 2147483647;
			files = (
			);
			runOnlyForDeploymentPostprocessing = 0;
		};
		22DCA4072CEB6BA50074314D /* Sources */ = {
			isa = PBXSourcesBuildPhase;
			buildActionMask = 2147483647;
			files = (
			);
			runOnlyForDeploymentPostprocessing = 0;
		};
/* End PBXSourcesBuildPhase section */

/* Begin PBXTargetDependency section */
		22DCA4032CEB6BA50074314D /* PBXTargetDependency */ = {
			isa = PBXTargetDependency;
			target = 22DCA3F02CEB6BA30074314D /* Groceree */;
			targetProxy = 22DCA4022CEB6BA50074314D /* PBXContainerItemProxy */;
		};
		22DCA40D2CEB6BA50074314D /* PBXTargetDependency */ = {
			isa = PBXTargetDependency;
			target = 22DCA3F02CEB6BA30074314D /* Groceree */;
			targetProxy = 22DCA40C2CEB6BA50074314D /* PBXContainerItemProxy */;
		};
/* End PBXTargetDependency section */

/* Begin XCBuildConfiguration section */
		22DCA4132CEB6BA50074314D /* Debug */ = {
			isa = XCBuildConfiguration;
			buildSettings = {
				ALWAYS_SEARCH_USER_PATHS = NO;
				ASSETCATALOG_COMPILER_GENERATE_SWIFT_ASSET_SYMBOL_EXTENSIONS = YES;
				CLANG_ANALYZER_NONNULL = YES;
				CLANG_ANALYZER_NUMBER_OBJECT_CONVERSION = YES_AGGRESSIVE;
				CLANG_CXX_LANGUAGE_STANDARD = "gnu++20";
				CLANG_ENABLE_MODULES = YES;
				CLANG_ENABLE_OBJC_ARC = YES;
				CLANG_ENABLE_OBJC_WEAK = YES;
				CLANG_WARN_BLOCK_CAPTURE_AUTORELEASING = YES;
				CLANG_WARN_BOOL_CONVERSION = YES;
				CLANG_WARN_COMMA = YES;
				CLANG_WARN_CONSTANT_CONVERSION = YES;
				CLANG_WARN_DEPRECATED_OBJC_IMPLEMENTATIONS = YES;
				CLANG_WARN_DIRECT_OBJC_ISA_USAGE = YES_ERROR;
				CLANG_WARN_DOCUMENTATION_COMMENTS = YES;
				CLANG_WARN_EMPTY_BODY = YES;
				CLANG_WARN_ENUM_CONVERSION = YES;
				CLANG_WARN_INFINITE_RECURSION = YES;
				CLANG_WARN_INT_CONVERSION = YES;
				CLANG_WARN_NON_LITERAL_NULL_CONVERSION = YES;
				CLANG_WARN_OBJC_IMPLICIT_RETAIN_SELF = YES;
				CLANG_WARN_OBJC_LITERAL_CONVERSION = YES;
				CLANG_WARN_OBJC_ROOT_CLASS = YES_ERROR;
				CLANG_WARN_QUOTED_INCLUDE_IN_FRAMEWORK_HEADER = YES;
				CLANG_WARN_RANGE_LOOP_ANALYSIS = YES;
				CLANG_WARN_STRICT_PROTOTYPES = YES;
				CLANG_WARN_SUSPICIOUS_MOVE = YES;
				CLANG_WARN_UNGUARDED_AVAILABILITY = YES_AGGRESSIVE;
				CLANG_WARN_UNREACHABLE_CODE = YES;
				CLANG_WARN__DUPLICATE_METHOD_MATCH = YES;
				COPY_PHASE_STRIP = NO;
				DEBUG_INFORMATION_FORMAT = dwarf;
				ENABLE_STRICT_OBJC_MSGSEND = YES;
				ENABLE_TESTABILITY = YES;
				ENABLE_USER_SCRIPT_SANDBOXING = YES;
				GCC_C_LANGUAGE_STANDARD = gnu17;
				GCC_DYNAMIC_NO_PIC = NO;
				GCC_NO_COMMON_BLOCKS = YES;
				GCC_OPTIMIZATION_LEVEL = 0;
				GCC_PREPROCESSOR_DEFINITIONS = (
					"DEBUG=1",
					"$(inherited)",
				);
				GCC_WARN_64_TO_32_BIT_CONVERSION = YES;
				GCC_WARN_ABOUT_RETURN_TYPE = YES_ERROR;
				GCC_WARN_UNDECLARED_SELECTOR = YES;
				GCC_WARN_UNINITIALIZED_AUTOS = YES_AGGRESSIVE;
				GCC_WARN_UNUSED_FUNCTION = YES;
				GCC_WARN_UNUSED_VARIABLE = YES;
				IPHONEOS_DEPLOYMENT_TARGET = 18.0;
				LOCALIZATION_PREFERS_STRING_CATALOGS = YES;
				MTL_ENABLE_DEBUG_INFO = INCLUDE_SOURCE;
				MTL_FAST_MATH = YES;
				ONLY_ACTIVE_ARCH = YES;
				SDKROOT = iphoneos;
				SWIFT_ACTIVE_COMPILATION_CONDITIONS = "DEBUG $(inherited)";
				SWIFT_OPTIMIZATION_LEVEL = "-Onone";
			};
			name = Debug;
		};
		22DCA4142CEB6BA50074314D /* Release */ = {
			isa = XCBuildConfiguration;
			buildSettings = {
				ALWAYS_SEARCH_USER_PATHS = NO;
				ASSETCATALOG_COMPILER_GENERATE_SWIFT_ASSET_SYMBOL_EXTENSIONS = YES;
				CLANG_ANALYZER_NONNULL = YES;
				CLANG_ANALYZER_NUMBER_OBJECT_CONVERSION = YES_AGGRESSIVE;
				CLANG_CXX_LANGUAGE_STANDARD = "gnu++20";
				CLANG_ENABLE_MODULES = YES;
				CLANG_ENABLE_OBJC_ARC = YES;
				CLANG_ENABLE_OBJC_WEAK = YES;
				CLANG_WARN_BLOCK_CAPTURE_AUTORELEASING = YES;
				CLANG_WARN_BOOL_CONVERSION = YES;
				CLANG_WARN_COMMA = YES;
				CLANG_WARN_CONSTANT_CONVERSION = YES;
				CLANG_WARN_DEPRECATED_OBJC_IMPLEMENTATIONS = YES;
				CLANG_WARN_DIRECT_OBJC_ISA_USAGE = YES_ERROR;
				CLANG_WARN_DOCUMENTATION_COMMENTS = YES;
				CLANG_WARN_EMPTY_BODY = YES;
				CLANG_WARN_ENUM_CONVERSION = YES;
				CLANG_WARN_INFINITE_RECURSION = YES;
				CLANG_WARN_INT_CONVERSION = YES;
				CLANG_WARN_NON_LITERAL_NULL_CONVERSION = YES;
				CLANG_WARN_OBJC_IMPLICIT_RETAIN_SELF = YES;
				CLANG_WARN_OBJC_LITERAL_CONVERSION = YES;
				CLANG_WARN_OBJC_ROOT_CLASS = YES_ERROR;
				CLANG_WARN_QUOTED_INCLUDE_IN_FRAMEWORK_HEADER = YES;
				CLANG_WARN_RANGE_LOOP_ANALYSIS = YES;
				CLANG_WARN_STRICT_PROTOTYPES = YES;
				CLANG_WARN_SUSPICIOUS_MOVE = YES;
				CLANG_WARN_UNGUARDED_AVAILABILITY = YES_AGGRESSIVE;
				CLANG_WARN_UNREACHABLE_CODE = YES;
				CLANG_WARN__DUPLICATE_METHOD_MATCH = YES;
				COPY_PHASE_STRIP = NO;
				DEBUG_INFORMATION_FORMAT = "dwarf-with-dsym";
				ENABLE_NS_ASSERTIONS = NO;
				ENABLE_STRICT_OBJC_MSGSEND = YES;
				ENABLE_USER_SCRIPT_SANDBOXING = YES;
				GCC_C_LANGUAGE_STANDARD = gnu17;
				GCC_NO_COMMON_BLOCKS = YES;
				GCC_WARN_64_TO_32_BIT_CONVERSION = YES;
				GCC_WARN_ABOUT_RETURN_TYPE = YES_ERROR;
				GCC_WARN_UNDECLARED_SELECTOR = YES;
				GCC_WARN_UNINITIALIZED_AUTOS = YES_AGGRESSIVE;
				GCC_WARN_UNUSED_FUNCTION = YES;
				GCC_WARN_UNUSED_VARIABLE = YES;
				IPHONEOS_DEPLOYMENT_TARGET = 18.0;
				LOCALIZATION_PREFERS_STRING_CATALOGS = YES;
				MTL_ENABLE_DEBUG_INFO = NO;
				MTL_FAST_MATH = YES;
				SDKROOT = iphoneos;
				SWIFT_COMPILATION_MODE = wholemodule;
				VALIDATE_PRODUCT = YES;
			};
			name = Release;
		};
		22DCA4162CEB6BA50074314D /* Debug */ = {
			isa = XCBuildConfiguration;
			buildSettings = {
				ASSETCATALOG_COMPILER_APPICON_NAME = AppIcon;
				ASSETCATALOG_COMPILER_GLOBAL_ACCENT_COLOR_NAME = AccentColor;
				CODE_SIGN_STYLE = Automatic;
				CURRENT_PROJECT_VERSION = 1;
				DEVELOPMENT_ASSET_PATHS = "\"Groceree/Preview Content\"";
				DEVELOPMENT_TEAM = U7TUNM5G3A;
				ENABLE_PREVIEWS = YES;
				GENERATE_INFOPLIST_FILE = YES;
				INFOPLIST_KEY_UIApplicationSceneManifest_Generation = YES;
				INFOPLIST_KEY_UIApplicationSupportsIndirectInputEvents = YES;
				INFOPLIST_KEY_UILaunchScreen_Generation = YES;
				INFOPLIST_KEY_UISupportedInterfaceOrientations_iPad = "UIInterfaceOrientationPortrait UIInterfaceOrientationPortraitUpsideDown UIInterfaceOrientationLandscapeLeft UIInterfaceOrientationLandscapeRight";
				INFOPLIST_KEY_UISupportedInterfaceOrientations_iPhone = "UIInterfaceOrientationPortrait UIInterfaceOrientationLandscapeLeft UIInterfaceOrientationLandscapeRight";
				LD_RUNPATH_SEARCH_PATHS = (
					"$(inherited)",
					"@executable_path/Frameworks",
				);
				MARKETING_VERSION = 1.0;
				PRODUCT_BUNDLE_IDENTIFIER = com.bindothorpe.Groceree;
				PRODUCT_NAME = "$(TARGET_NAME)";
				SWIFT_EMIT_LOC_STRINGS = YES;
				SWIFT_VERSION = 5.0;
				TARGETED_DEVICE_FAMILY = "1,2";
			};
			name = Debug;
		};
		22DCA4172CEB6BA50074314D /* Release */ = {
			isa = XCBuildConfiguration;
			buildSettings = {
				ASSETCATALOG_COMPILER_APPICON_NAME = AppIcon;
				ASSETCATALOG_COMPILER_GLOBAL_ACCENT_COLOR_NAME = AccentColor;
				CODE_SIGN_STYLE = Automatic;
				CURRENT_PROJECT_VERSION = 1;
				DEVELOPMENT_ASSET_PATHS = "\"Groceree/Preview Content\"";
				DEVELOPMENT_TEAM = U7TUNM5G3A;
				ENABLE_PREVIEWS = YES;
				GENERATE_INFOPLIST_FILE = YES;
				INFOPLIST_KEY_UIApplicationSceneManifest_Generation = YES;
				INFOPLIST_KEY_UIApplicationSupportsIndirectInputEvents = YES;
				INFOPLIST_KEY_UILaunchScreen_Generation = YES;
				INFOPLIST_KEY_UISupportedInterfaceOrientations_iPad = "UIInterfaceOrientationPortrait UIInterfaceOrientationPortraitUpsideDown UIInterfaceOrientationLandscapeLeft UIInterfaceOrientationLandscapeRight";
				INFOPLIST_KEY_UISupportedInterfaceOrientations_iPhone = "UIInterfaceOrientationPortrait UIInterfaceOrientationLandscapeLeft UIInterfaceOrientationLandscapeRight";
				LD_RUNPATH_SEARCH_PATHS = (
					"$(inherited)",
					"@executable_path/Frameworks",
				);
				MARKETING_VERSION = 1.0;
				PRODUCT_BUNDLE_IDENTIFIER = com.bindothorpe.Groceree;
				PRODUCT_NAME = "$(TARGET_NAME)";
				SWIFT_EMIT_LOC_STRINGS = YES;
				SWIFT_VERSION = 5.0;
				TARGETED_DEVICE_FAMILY = "1,2";
			};
			name = Release;
		};
		22DCA4192CEB6BA50074314D /* Debug */ = {
			isa = XCBuildConfiguration;
			buildSettings = {
				BUNDLE_LOADER = "$(TEST_HOST)";
				CODE_SIGN_STYLE = Automatic;
				CURRENT_PROJECT_VERSION = 1;
				DEVELOPMENT_TEAM = U7TUNM5G3A;
				GENERATE_INFOPLIST_FILE = YES;
				IPHONEOS_DEPLOYMENT_TARGET = 18.0;
				MARKETING_VERSION = 1.0;
				PRODUCT_BUNDLE_IDENTIFIER = com.bindothorpe.GrocereeTests;
				PRODUCT_NAME = "$(TARGET_NAME)";
				SWIFT_EMIT_LOC_STRINGS = NO;
				SWIFT_VERSION = 5.0;
				TARGETED_DEVICE_FAMILY = "1,2";
				TEST_HOST = "$(BUILT_PRODUCTS_DIR)/Groceree.app/$(BUNDLE_EXECUTABLE_FOLDER_PATH)/Groceree";
			};
			name = Debug;
		};
		22DCA41A2CEB6BA50074314D /* Release */ = {
			isa = XCBuildConfiguration;
			buildSettings = {
				BUNDLE_LOADER = "$(TEST_HOST)";
				CODE_SIGN_STYLE = Automatic;
				CURRENT_PROJECT_VERSION = 1;
				DEVELOPMENT_TEAM = U7TUNM5G3A;
				GENERATE_INFOPLIST_FILE = YES;
				IPHONEOS_DEPLOYMENT_TARGET = 18.0;
				MARKETING_VERSION = 1.0;
				PRODUCT_BUNDLE_IDENTIFIER = com.bindothorpe.GrocereeTests;
				PRODUCT_NAME = "$(TARGET_NAME)";
				SWIFT_EMIT_LOC_STRINGS = NO;
				SWIFT_VERSION = 5.0;
				TARGETED_DEVICE_FAMILY = "1,2";
				TEST_HOST = "$(BUILT_PRODUCTS_DIR)/Groceree.app/$(BUNDLE_EXECUTABLE_FOLDER_PATH)/Groceree";
			};
			name = Release;
		};
		22DCA41C2CEB6BA50074314D /* Debug */ = {
			isa = XCBuildConfiguration;
			buildSettings = {
				CODE_SIGN_STYLE = Automatic;
				CURRENT_PROJECT_VERSION = 1;
				DEVELOPMENT_TEAM = U7TUNM5G3A;
				GENERATE_INFOPLIST_FILE = YES;
				MARKETING_VERSION = 1.0;
				PRODUCT_BUNDLE_IDENTIFIER = com.bindothorpe.GrocereeUITests;
				PRODUCT_NAME = "$(TARGET_NAME)";
				SWIFT_EMIT_LOC_STRINGS = NO;
				SWIFT_VERSION = 5.0;
				TARGETED_DEVICE_FAMILY = "1,2";
				TEST_TARGET_NAME = Groceree;
			};
			name = Debug;
		};
		22DCA41D2CEB6BA50074314D /* Release */ = {
			isa = XCBuildConfiguration;
			buildSettings = {
				CODE_SIGN_STYLE = Automatic;
				CURRENT_PROJECT_VERSION = 1;
				DEVELOPMENT_TEAM = U7TUNM5G3A;
				GENERATE_INFOPLIST_FILE = YES;
				MARKETING_VERSION = 1.0;
				PRODUCT_BUNDLE_IDENTIFIER = com.bindothorpe.GrocereeUITests;
				PRODUCT_NAME = "$(TARGET_NAME)";
				SWIFT_EMIT_LOC_STRINGS = NO;
				SWIFT_VERSION = 5.0;
				TARGETED_DEVICE_FAMILY = "1,2";
				TEST_TARGET_NAME = Groceree;
			};
			name = Release;
		};
/* End XCBuildConfiguration section */

/* Begin XCConfigurationList section */
		22DCA3EC2CEB6BA30074314D /* Build configuration list for PBXProject "Groceree" */ = {
			isa = XCConfigurationList;
			buildConfigurations = (
				22DCA4132CEB6BA50074314D /* Debug */,
				22DCA4142CEB6BA50074314D /* Release */,
			);
			defaultConfigurationIsVisible = 0;
			defaultConfigurationName = Release;
		};
		22DCA4152CEB6BA50074314D /* Build configuration list for PBXNativeTarget "Groceree" */ = {
			isa = XCConfigurationList;
			buildConfigurations = (
				22DCA4162CEB6BA50074314D /* Debug */,
				22DCA4172CEB6BA50074314D /* Release */,
			);
			defaultConfigurationIsVisible = 0;
			defaultConfigurationName = Release;
		};
		22DCA4182CEB6BA50074314D /* Build configuration list for PBXNativeTarget "GrocereeTests" */ = {
			isa = XCConfigurationList;
			buildConfigurations = (
				22DCA4192CEB6BA50074314D /* Debug */,
				22DCA41A2CEB6BA50074314D /* Release */,
			);
			defaultConfigurationIsVisible = 0;
			defaultConfigurationName = Release;
		};
		22DCA41B2CEB6BA50074314D /* Build configuration list for PBXNativeTarget "GrocereeUITests" */ = {
			isa = XCConfigurationList;
			buildConfigurations = (
				22DCA41C2CEB6BA50074314D /* Debug */,
				22DCA41D2CEB6BA50074314D /* Release */,
			);
			defaultConfigurationIsVisible = 0;
			defaultConfigurationName = Release;
		};
/* End XCConfigurationList section */

/* Begin XCRemoteSwiftPackageReference section */
		2247CE7E2D29999500AF1CE6 /* XCRemoteSwiftPackageReference "asyncImage" */ = {
			isa = XCRemoteSwiftPackageReference;
			repositoryURL = "https://github.com/baskurthalit/asyncImage.git";
			requirement = {
				kind = upToNextMajorVersion;
				minimumVersion = 1.0.3;
			};
		};
/* End XCRemoteSwiftPackageReference section */

/* Begin XCSwiftPackageProductDependency section */
		2247CE802D299CE500AF1CE6 /* asnycImage */ = {
			isa = XCSwiftPackageProductDependency;
			package = 2247CE7E2D29999500AF1CE6 /* XCRemoteSwiftPackageReference "asyncImage" */;
			productName = asnycImage;
		};
/* End XCSwiftPackageProductDependency section */
	};
	rootObject = 22DCA3E92CEB6BA30074314D /* Project object */;
}
